
Microsoft Visual Studio Solution File, Format Version 12.00
# Visual Studio Version 17
VisualStudioVersion = 17.12.35728.132
MinimumVisualStudioVersion = 10.0.40219.1
Project("{FAE04EC0-301F-11D3-BF4B-00C04F79EFBC}") = "TareasAPI", "TareasAPI\TareasAPI.csproj", "{F591BD6C-0D41-4A69-90AD-1529A9644252}"
EndProject
Project("{2150E333-8FDC-42A3-9474-1A3956D46DE8}") = "Solution Items", "Solution Items", "{8B62ECC3-863D-451A-9251-9508D3F5259E}"
	ProjectSection(SolutionItems) = preProject
		.gitignore.txt = .gitignore.txt
	EndProjectSection
EndProject
Global
	GlobalSection(SolutionConfigurationPlatforms) = preSolution
		Debug|Any CPU = Debug|Any CPU
		Release|Any CPU = Release|Any CPU
	EndGlobalSection
	GlobalSection(ProjectConfigurationPlatforms) = postSolution
		{F591BD6C-0D41-4A69-90AD-1529A9644252}.Debug|Any CPU.ActiveCfg = Debug|Any CPU
		{F591BD6C-0D41-4A69-90AD-1529A9644252}.Debug|Any CPU.Build.0 = Debug|Any CPU
		{F591BD6C-0D41-4A69-90AD-1529A9644252}.Release|Any CPU.ActiveCfg = Release|Any CPU
		{F591BD6C-0D41-4A69-90AD-1529A9644252}.Release|Any CPU.Build.0 = Release|Any CPU
	EndGlobalSection
	GlobalSection(SolutionProperties) = preSolution
		HideSolutionNode = FALSE
	EndGlobalSection
EndGlobal
